
Microsoft Visual Studio Solution File, Format Version 12.00
# Visual Studio 14
VisualStudioVersion = 14.0.24720.0
MinimumVisualStudioVersion = 10.0.40219.1
Project("{2150E333-8FDC-42A3-9474-1A3956D46DE8}") = "build", "build", "{C4CA8866-94EA-4BE3-958F-0F44C0076389}"
	ProjectSection(SolutionItems) = preProject
		..\build\Build-Release.ps1 = ..\build\Build-Release.ps1
		..\build\Our.Umbraco.Picture.nuspec = ..\build\Our.Umbraco.Picture.nuspec
		..\build\web.config.install.xdt = ..\build\web.config.install.xdt
	EndProjectSection
EndProject
Project("{FAE04EC0-301F-11D3-BF4B-00C04F79EFBC}") = "Our.Umbraco.Picture", "Our.Umbraco.Picture\Our.Umbraco.Picture.csproj", "{9405A347-38F3-4159-862D-82DFFE9E1DC0}"
EndProject
Global
	GlobalSection(SolutionConfigurationPlatforms) = preSolution
		Debug|Any CPU = Debug|Any CPU
		Release|Any CPU = Release|Any CPU
	EndGlobalSection
	GlobalSection(ProjectConfigurationPlatforms) = postSolution
		{9405A347-38F3-4159-862D-82DFFE9E1DC0}.Debug|Any CPU.ActiveCfg = Debug|Any CPU
		{9405A347-38F3-4159-862D-82DFFE9E1DC0}.Debug|Any CPU.Build.0 = Debug|Any CPU
		{9405A347-38F3-4159-862D-82DFFE9E1DC0}.Release|Any CPU.ActiveCfg = Release|Any CPU
		{9405A347-38F3-4159-862D-82DFFE9E1DC0}.Release|Any CPU.Build.0 = Release|Any CPU
	EndGlobalSection
	GlobalSection(SolutionProperties) = preSolution
		HideSolutionNode = FALSE
	EndGlobalSection
EndGlobal
